github.com/hebs-web-design/hugo-modules/alpinejs/toggler v1.5.3 h1:KHD7PWQnS9DQwyftKqY6WCLYjp22XacPnp7DVpLlJoQ=
github.com/hebs-web-design/hugo-modules/alpinejs/toggler v1.5.3/go.mod h1:wpUioMUaz5xih9nvIeb2XTIAoFGde7WQYCVzdUewu38=
github.com/hebs-web-design/hugo-modules/alpinejs/v3 v3.21400.190 h1:TCht9afdiOJv61wGBSO5yMPd3vf9kJfzrRWxGecOpTg=
github.com/hebs-web-design/hugo-modules/alpinejs/v3 v3.21400.190/go.mod h1:lGTVvZrzoLVHsspBI6udLsONDWzAODGrCGhAbotenDw=
