{
  "name": "countdown",
  "version": "0.1.0",
  "lockfileVersion": 3,
  "requires": true,
  "packages": {
    "": {
      "name": "countdown",
      "version": "0.1.0",
      "devDependencies": {
        "@alpinejs/anchor": "^3.13.2",
        "@alpinejs/collapse": "^3.13.2",
        "@alpinejs/focus": "^3.13.2",
        "@alpinejs/intersect": "^3.13.2",
        "@alpinejs/mask": "^3.13.2",
        "@alpinejs/persist": "^3.13.2",
        "alpinejs": "^3.13.2"
      }
    },
    "node_modules/@alpinejs/anchor": {
      "version": "3.13.2",
      "resolved": "https://registry.npmjs.org/@alpinejs/anchor/-/anchor-3.13.2.tgz",
      "integrity": "sha512-LsYjqNyBMWU7wXN2IGTG6juamQdlIgYUDy9yiEMGP5hZu7jEu4TpJo/TB+kEkQgMb8SCNUBVp3osi5QA1sia5g==",
      "dev": true
    },
    "node_modules/@alpinejs/collapse": {
      "version": "3.13.3",
      "resolved": "https://registry.npmjs.org/@alpinejs/collapse/-/collapse-3.13.3.tgz",
      "integrity": "sha512-iGO6IzqBwVNxAaoS4XCCJIIg9U/mH7v4vk6wlzxXKFWMXt2yynw93TkdELyjwxQqeNTEGimZRR+2wNf9yhJn0A==",
      "dev": true
    },
    "node_modules/@alpinejs/focus": {
      "version": "3.13.2",
      "resolved": "https://registry.npmjs.org/@alpinejs/focus/-/focus-3.13.2.tgz",
      "integrity": "sha512-lepXGG/mHy5/SpqFFx4lMt/PN0FRYx9YFv/D32w/xPqN+FpmWSBJvXtPJBMyWPcaDF/4dfa0CQT4Se7mMikp4A==",
      "dev": true,
      "dependencies": {
        "focus-trap": "^6.9.4",
        "tabbable": "^5.3.3"
      }
    },
    "node_modules/@alpinejs/intersect": {
      "version": "3.13.2",
      "resolved": "https://registry.npmjs.org/@alpinejs/intersect/-/intersect-3.13.2.tgz",
      "integrity": "sha512-nApQ9Da6ZbFxWShaQCRbqlp+UTTCTo2hc/Gbj1AmNA32wmoGOH+BdLrB3rf8T8pF5EbE+m7zBvh+62i8oDRT8w==",
      "dev": true
    },
    "node_modules/@alpinejs/mask": {
      "version": "3.13.2",
      "resolved": "https://registry.npmjs.org/@alpinejs/mask/-/mask-3.13.2.tgz",
      "integrity": "sha512-62Oa5fHAKHe1fU5l4KIBHDinvQuOybObwITcpaq4Hjfl+GuRXp1gCnaPTkJTo5jHQ6r4UXbqzrIBkjg1qXUkzA==",
      "dev": true
    },
    "node_modules/@alpinejs/persist": {
      "version": "3.13.2",
      "resolved": "https://registry.npmjs.org/@alpinejs/persist/-/persist-3.13.2.tgz",
      "integrity": "sha512-GWTqFBugNiGq/9E0XCkGnWBUcETrPG8Op2I+aBmiBfjkFCP6P/NLCHEbrEcaqWkok2Wp//0TLz3R2YBsFP0B1Q==",
      "dev": true
    },
    "node_modules/@vue/reactivity": {
      "version": "3.1.5",
      "resolved": "https://registry.npmjs.org/@vue/reactivity/-/reactivity-3.1.5.tgz",
      "integrity": "sha512-1tdfLmNjWG6t/CsPldh+foumYFo3cpyCHgBYQ34ylaMsJ+SNHQ1kApMIa8jN+i593zQuaw3AdWH0nJTARzCFhg==",
      "dev": true,
      "dependencies": {
        "@vue/shared": "3.1.5"
      }
    },
    "node_modules/@vue/shared": {
      "version": "3.1.5",
      "resolved": "https://registry.npmjs.org/@vue/shared/-/shared-3.1.5.tgz",
      "integrity": "sha512-oJ4F3TnvpXaQwZJNF3ZK+kLPHKarDmJjJ6jyzVNDKH9md1dptjC7lWR//jrGuLdek/U6iltWxqAnYOu8gCiOvA==",
      "dev": true
    },
    "node_modules/alpinejs": {
      "version": "3.13.2",
      "resolved": "https://registry.npmjs.org/alpinejs/-/alpinejs-3.13.2.tgz",
      "integrity": "sha512-WzojeeN082kLZznGI1HAuP8yFJSWqJ1fGdz2mUjj45H4y0XwToE7fFqtI3mCPRR+BpcSbxT/NL+FyPnYAWSltw==",
      "dev": true,
      "dependencies": {
        "@vue/reactivity": "~3.1.1"
      }
    },
    "node_modules/focus-trap": {
      "version": "6.9.4",
      "resolved": "https://registry.npmjs.org/focus-trap/-/focus-trap-6.9.4.tgz",
      "integrity": "sha512-v2NTsZe2FF59Y+sDykKY+XjqZ0cPfhq/hikWVL88BqLivnNiEffAsac6rP6H45ff9wG9LL5ToiDqrLEP9GX9mw==",
      "dev": true,
      "dependencies": {
        "tabbable": "^5.3.3"
      }
    },
    "node_modules/tabbable": {
      "version": "5.3.3",
      "resolved": "https://registry.npmjs.org/tabbable/-/tabbable-5.3.3.tgz",
      "integrity": "sha512-QD9qKY3StfbZqWOPLp0++pOrAVb/HbUi5xCc8cUo4XjP19808oaMiDzn0leBY5mCespIBM0CIZePzZjgzR83kA==",
      "dev": true
    }
  }
}
