github.com/hebs-web-design/hugo-modules/utilities v1.8.0 h1:lEyncMqBzaETN0eJJkMz7DaxTtbQjMrogq7VUFs5cFQ=
github.com/hebs-web-design/hugo-modules/utilities v1.8.0/go.mod h1:o0InBkZhFKqLlQZlaTucWvOheMjqyZs3wxvljsbEXLU=
github.com/tailwindlabs/heroicons v2.2.0+incompatible h1:lTvCGHGGdrjeqMh35iD+JxCO3Rf8ktFQCQlu/ymztnk=
github.com/tailwindlabs/heroicons v2.2.0+incompatible/go.mod h1:2SHGOdw86jviBkoeQINcTfkzAAao9dciip4RsMS9xIg=
