github.com/hebs-web-design/hugo-modules/alpinejs/search v1.4.3 h1:goG0FPY2cVzoQaRb2Rnu4lO9L83MEj3Qq8GVsZe+Bu8=
github.com/hebs-web-design/hugo-modules/alpinejs/search v1.4.3/go.mod h1:5Qb2QsWu5qdVOda2qbNsP0rL6su13c/YbrXDuhGfJSs=
github.com/hebs-web-design/hugo-modules/alpinejs/toggler v1.6.0 h1:LOlRPuJlzu9HkxLkUaCTC7KUZeAmMq+5GoyEs3pTL68=
github.com/hebs-web-design/hugo-modules/alpinejs/toggler v1.6.0/go.mod h1:jkqFNm8ePAeFxFxtaYf60BQwoyDUEGASvQeWzkHxNUU=
github.com/hebs-web-design/hugo-modules/alpinejs/v3 v3.21500.190 h1:t/q3mx0ht5oU0uslyOxcdiMS+7RmbrfHRX44vWL8fEg=
github.com/hebs-web-design/hugo-modules/alpinejs/v3 v3.21500.190/go.mod h1:0DhrFI+6VkZ24KsPQSqlAZFCy2+4Axb5Hm/yl3rpg08=
