github.com/hebs-web-design/hugo-modules/alpinejs/search v1.4.2 h1:bo3KnzxuzfUntV9VgckXsYj4l2C2Bmq3AhWnUWz9N0c=
github.com/hebs-web-design/hugo-modules/alpinejs/search v1.4.2/go.mod h1:TF2dZeVkkP/+NY8oMGcEPTy+/6ZJU3qFzmyZp2sKEx8=
github.com/hebs-web-design/hugo-modules/alpinejs/toggler v1.5.2 h1:MyqnYXidgj3LzJk/AzaWWrDgfk8KgRkOPnCeg7Loyd4=
github.com/hebs-web-design/hugo-modules/alpinejs/toggler v1.5.2/go.mod h1:rC5x4zo0x7PvIOuqVylcACie7fp7hAfD40i7yHSQor8=
github.com/hebs-web-design/hugo-modules/alpinejs/v3 v3.21400.160 h1:RWZDYyOdsSrn3ilsVYGPZERJ32Yi9MNJLD8Q7D2zG+Y=
github.com/hebs-web-design/hugo-modules/alpinejs/v3 v3.21400.160/go.mod h1:tWh5rYhaSFloG0EzWi/fZ6YLVuG2Q8nepYntdPEjKfc=
