github.com/hebs-web-design/hugo-modules/alpinejs/v3 v3.21300.120 h1:h7PUXf/3F1oI3ahHibbZ5gxoFhG92aGyWkGrJFF+P4E=
github.com/hebs-web-design/hugo-modules/alpinejs/v3 v3.21300.120/go.mod h1:jF0HeoBuXOCoMGlT/TR4YZYoLG/qyWykTYa0FgjAPzU=
github.com/hebs-web-design/hugo-modules/tailwindcss/v3 v3.130.153 h1:6qeMl+AfBvS1ng5IoAo4tBssQAF007gxnme14QXljSU=
github.com/hebs-web-design/hugo-modules/tailwindcss/v3 v3.130.153/go.mod h1:RcNFatDjMIiqF4uROMRk349NgXvde8jqSHOQgOHNgNs=
