{
  "name": "email-service-worker",
  "lockfileVersion": 2,
  "requires": true,
  "packages": {
    "": {
      "dependencies": {
        "@glenstack/cf-workers-hcaptcha": "^1.0.0"
      }
    },
    "node_modules/@glenstack/cf-workers-hcaptcha": {
      "version": "1.0.0",
      "resolved": "https://registry.npmjs.org/@glenstack/cf-workers-hcaptcha/-/cf-workers-hcaptcha-1.0.0.tgz",
      "integrity": "sha512-ecRS8XtGplEz0Jj/o2giEL0/MnBD1NejeKW62QjhbmPnxXl0lGS5xXOQhhQN7huIt3L86hY2HQl51A/LqnLJdQ=="
    }
  },
  "dependencies": {
    "@glenstack/cf-workers-hcaptcha": {
      "version": "1.0.0",
      "resolved": "https://registry.npmjs.org/@glenstack/cf-workers-hcaptcha/-/cf-workers-hcaptcha-1.0.0.tgz",
      "integrity": "sha512-ecRS8XtGplEz0Jj/o2giEL0/MnBD1NejeKW62QjhbmPnxXl0lGS5xXOQhhQN7huIt3L86hY2HQl51A/LqnLJdQ=="
    }
  }
}
